// !$*UTF8*$!
{
	archiveVersion = 1;
	classes = {
	};
	objectVersion = 77;
	objects = {

/* Begin PBXBuildFile section */
		4BEA35262E84A97500C08497 /* Assets.xcassets in Resources */ = {isa = PBXBuildFile; fileRef = 4BEA35222E84A97500C08497 /* Assets.xcassets */; };
		4BEA35272E84A97500C08497 /* ContentView.swift in Sources */ = {isa = PBXBuildFile; fileRef = 4BEA35232E84A97500C08497 /* ContentView.swift */; };
		4BEA35282E84A97500C08497 /* InfiniteCoffeeApp.swift in Sources */ = {isa = PBXBuildFile; fileRef = 4BEA35242E84A97500C08497 /* InfiniteCoffeeApp.swift */; };
		4BEA352B2E84A98F00C08497 /* HomeView.swift in Sources */ = {isa = PBXBuildFile; fileRef = 4BEA352A2E84A98F00C08497 /* HomeView.swift */; };
		4BEA352D2E84A9AC00C08497 /* HomeViewModel.swift in Sources */ = {isa = PBXBuildFile; fileRef = 4BEA352C2E84A9AC00C08497 /* HomeViewModel.swift */; };
		4BEA352F2E84AA2F00C08497 /* TabBarView.swift in Sources */ = {isa = PBXBuildFile; fileRef = 4BEA352E2E84AA2F00C08497 /* TabBarView.swift */; };
		4BEA35452E84AD7600C08497 /* OrderView.swift in Sources */ = {isa = PBXBuildFile; fileRef = 4BEA35432E84AD7600C08497 /* OrderView.swift */; };
		4BEA35492E84ADB700C08497 /* AccountView.swift in Sources */ = {isa = PBXBuildFile; fileRef = 4BEA35482E84ADB700C08497 /* AccountView.swift */; };
		4BEA355A2E84B01900C08497 /* CoffeModel.swift in Sources */ = {isa = PBXBuildFile; fileRef = 4BEA35592E84B01900C08497 /* CoffeModel.swift */; };
		4BEA355E2E84B09700C08497 /* MainCardCell.swift in Sources */ = {isa = PBXBuildFile; fileRef = 4BEA355D2E84B09700C08497 /* MainCardCell.swift */; };
		4BEA35612E84B17B00C08497 /* SDWebImageSwiftUI in Frameworks */ = {isa = PBXBuildFile; productRef = 4BEA35602E84B17B00C08497 /* SDWebImageSwiftUI */; };
		4BEA35642E84B20100C08497 /* FirebaseAnalytics in Frameworks */ = {isa = PBXBuildFile; productRef = 4BEA35632E84B20100C08497 /* FirebaseAnalytics */; };
		4BEA35662E84B20100C08497 /* FirebaseAuth in Frameworks */ = {isa = PBXBuildFile; productRef = 4BEA35652E84B20100C08497 /* FirebaseAuth */; };
		4BEA35682E84B20100C08497 /* FirebaseCore in Frameworks */ = {isa = PBXBuildFile; productRef = 4BEA35672E84B20100C08497 /* FirebaseCore */; };
		4BEA356A2E84B20100C08497 /* FirebaseCrashlytics in Frameworks */ = {isa = PBXBuildFile; productRef = 4BEA35692E84B20100C08497 /* FirebaseCrashlytics */; };
		4BEA356C2E84B20100C08497 /* FirebaseDatabase in Frameworks */ = {isa = PBXBuildFile; productRef = 4BEA356B2E84B20100C08497 /* FirebaseDatabase */; };
		4BEA356E2E84B20100C08497 /* FirebaseFirestore in Frameworks */ = {isa = PBXBuildFile; productRef = 4BEA356D2E84B20100C08497 /* FirebaseFirestore */; };
		4BEA35702E84B20100C08497 /* FirebaseFunctions in Frameworks */ = {isa = PBXBuildFile; productRef = 4BEA356F2E84B20100C08497 /* FirebaseFunctions */; };
		4BEA35722E84B20100C08497 /* FirebaseStorage in Frameworks */ = {isa = PBXBuildFile; productRef = 4BEA35712E84B20100C08497 /* FirebaseStorage */; };
		4BEA35752E84B22300C08497 /* GoogleSignIn in Frameworks */ = {isa = PBXBuildFile; productRef = 4BEA35742E84B22300C08497 /* GoogleSignIn */; };
		4BEA35772E84B22300C08497 /* GoogleSignInSwift in Frameworks */ = {isa = PBXBuildFile; productRef = 4BEA35762E84B22300C08497 /* GoogleSignInSwift */; };
		4BEA357A2E84B26E00C08497 /* ImageLoaderView.swift in Sources */ = {isa = PBXBuildFile; fileRef = 4BEA35792E84B26E00C08497 /* ImageLoaderView.swift */; };
		4BEA357C2E84B29B00C08497 /* Constants.swift in Sources */ = {isa = PBXBuildFile; fileRef = 4BEA357B2E84B29B00C08497 /* Constants.swift */; };
		FF8CD4BB2E97EDC50032C439 /* GoogleService-Info.plist in Resources */ = {isa = PBXBuildFile; fileRef = FF8CD4BA2E97EDC50032C439 /* GoogleService-Info.plist */; };
		FFECC2652E8F208600F9AE8C /* HomeService.swift in Sources */ = {isa = PBXBuildFile; fileRef = FFECC2642E8F208600F9AE8C /* HomeService.swift */; };
/* End PBXBuildFile section */

/* Begin PBXFileReference section */
		4BEA34E72E848FF300C08497 /* InfiniteCoffee.app */ = {isa = PBXFileReference; explicitFileType = wrapper.application; includeInIndex = 0; path = InfiniteCoffee.app; sourceTree = BUILT_PRODUCTS_DIR; };
		4BEA35222E84A97500C08497 /* Assets.xcassets */ = {isa = PBXFileReference; lastKnownFileType = folder.assetcatalog; path = Assets.xcassets; sourceTree = "<group>"; };
		4BEA35232E84A97500C08497 /* ContentView.swift */ = {isa = PBXFileReference; lastKnownFileType = sourcecode.swift; path = ContentView.swift; sourceTree = "<group>"; };
		4BEA35242E84A97500C08497 /* InfiniteCoffeeApp.swift */ = {isa = PBXFileReference; lastKnownFileType = sourcecode.swift; path = InfiniteCoffeeApp.swift; sourceTree = "<group>"; };
		4BEA352A2E84A98F00C08497 /* HomeView.swift */ = {isa = PBXFileReference; lastKnownFileType = sourcecode.swift; path = HomeView.swift; sourceTree = "<group>"; };
		4BEA352C2E84A9AC00C08497 /* HomeViewModel.swift */ = {isa = PBXFileReference; lastKnownFileType = sourcecode.swift; path = HomeViewModel.swift; sourceTree = "<group>"; };
		4BEA352E2E84AA2F00C08497 /* TabBarView.swift */ = {isa = PBXFileReference; lastKnownFileType = sourcecode.swift; path = TabBarView.swift; sourceTree = "<group>"; };
		4BEA35432E84AD7600C08497 /* OrderView.swift */ = {isa = PBXFileReference; lastKnownFileType = sourcecode.swift; path = OrderView.swift; sourceTree = "<group>"; };
		4BEA35482E84ADB700C08497 /* AccountView.swift */ = {isa = PBXFileReference; lastKnownFileType = sourcecode.swift; path = AccountView.swift; sourceTree = "<group>"; };
		4BEA35592E84B01900C08497 /* CoffeModel.swift */ = {isa = PBXFileReference; lastKnownFileType = sourcecode.swift; path = CoffeModel.swift; sourceTree = "<group>"; };
		4BEA355D2E84B09700C08497 /* MainCardCell.swift */ = {isa = PBXFileReference; lastKnownFileType = sourcecode.swift; path = MainCardCell.swift; sourceTree = "<group>"; };
		4BEA35792E84B26E00C08497 /* ImageLoaderView.swift */ = {isa = PBXFileReference; lastKnownFileType = sourcecode.swift; path = ImageLoaderView.swift; sourceTree = "<group>"; };
		4BEA357B2E84B29B00C08497 /* Constants.swift */ = {isa = PBXFileReference; lastKnownFileType = sourcecode.swift; path = Constants.swift; sourceTree = "<group>"; };
		FF8CD4BA2E97EDC50032C439 /* GoogleService-Info.plist */ = {isa = PBXFileReference; lastKnownFileType = text.plist.xml; path = "GoogleService-Info.plist"; sourceTree = "<group>"; };
		FFECC2642E8F208600F9AE8C /* HomeService.swift */ = {isa = PBXFileReference; lastKnownFileType = sourcecode.swift; path = HomeService.swift; sourceTree = "<group>"; };
/* End PBXFileReference section */

/* Begin PBXFrameworksBuildPhase section */
		4BEA34E42E848FF300C08497 /* Frameworks */ = {
			isa = PBXFrameworksBuildPhase;
			buildActionMask = 2147483647;
			files = (
				4BEA356C2E84B20100C08497 /* FirebaseDatabase in Frameworks */,
				4BEA35642E84B20100C08497 /* FirebaseAnalytics in Frameworks */,
				4BEA35722E84B20100C08497 /* FirebaseStorage in Frameworks */,
				4BEA35662E84B20100C08497 /* FirebaseAuth in Frameworks */,
				4BEA35702E84B20100C08497 /* FirebaseFunctions in Frameworks */,
				4BEA35752E84B22300C08497 /* GoogleSignIn in Frameworks */,
				4BEA356A2E84B20100C08497 /* FirebaseCrashlytics in Frameworks */,
				4BEA35682E84B20100C08497 /* FirebaseCore in Frameworks */,
				4BEA35612E84B17B00C08497 /* SDWebImageSwiftUI in Frameworks */,
				4BEA356E2E84B20100C08497 /* FirebaseFirestore in Frameworks */,
				4BEA35772E84B22300C08497 /* GoogleSignInSwift in Frameworks */,
			);
			runOnlyForDeploymentPostprocessing = 0;
		};
/* End PBXFrameworksBuildPhase section */

/* Begin PBXGroup section */
		4BEA34DE2E848FF300C08497 = {
			isa = PBXGroup;
			children = (
				4BEA35252E84A97500C08497 /* InfiniteCoffee */,
				4BEA34E82E848FF300C08497 /* Products */,
			);
			sourceTree = "<group>";
		};
		4BEA34E82E848FF300C08497 /* Products */ = {
			isa = PBXGroup;
			children = (
				4BEA34E72E848FF300C08497 /* InfiniteCoffee.app */,
			);
			name = Products;
			sourceTree = "<group>";
		};
		4BEA35202E84A97500C08497 /* scenes */ = {
			isa = PBXGroup;
			children = (
				4BEA352E2E84AA2F00C08497 /* TabBarView.swift */,
				4BEA35292E84A98000C08497 /* Home */,
				4BEA35472E84ADAD00C08497 /* Accont */,
				4BEA35442E84AD7600C08497 /* Order */,
			);
			path = scenes;
			sourceTree = "<group>";
		};
		4BEA35212E84A97500C08497 /* core */ = {
			isa = PBXGroup;
			children = (
				4BEA35582E84B00600C08497 /* Model */,
				4BEA35202E84A97500C08497 /* scenes */,
			);
			path = core;
			sourceTree = "<group>";
		};
		4BEA35252E84A97500C08497 /* InfiniteCoffee */ = {
			isa = PBXGroup;
			children = (
				FFECC2632E8F205300F9AE8C /* Service */,
				4BEA35782E84B25000C08497 /* Shared */,
				4BEA355B2E84B04F00C08497 /* Components */,
				4BEA35212E84A97500C08497 /* core */,
				4BEA35222E84A97500C08497 /* Assets.xcassets */,
				4BEA35232E84A97500C08497 /* ContentView.swift */,
				4BEA35242E84A97500C08497 /* InfiniteCoffeeApp.swift */,
				FF8CD4BA2E97EDC50032C439 /* GoogleService-Info.plist */,
			);
			path = InfiniteCoffee;
			sourceTree = "<group>";
		};
		4BEA35292E84A98000C08497 /* Home */ = {
			isa = PBXGroup;
			children = (
				4BEA352C2E84A9AC00C08497 /* HomeViewModel.swift */,
				4BEA352A2E84A98F00C08497 /* HomeView.swift */,
			);
			path = Home;
			sourceTree = "<group>";
		};
		4BEA35442E84AD7600C08497 /* Order */ = {
			isa = PBXGroup;
			children = (
				4BEA35432E84AD7600C08497 /* OrderView.swift */,
			);
			path = Order;
			sourceTree = "<group>";
		};
		4BEA35472E84ADAD00C08497 /* Accont */ = {
			isa = PBXGroup;
			children = (
				4BEA35482E84ADB700C08497 /* AccountView.swift */,
			);
			path = Accont;
			sourceTree = "<group>";
		};
		4BEA35582E84B00600C08497 /* Model */ = {
			isa = PBXGroup;
			children = (
				4BEA35592E84B01900C08497 /* CoffeModel.swift */,
			);
			path = Model;
			sourceTree = "<group>";
		};
		4BEA355B2E84B04F00C08497 /* Components */ = {
			isa = PBXGroup;
			children = (
				4BEA355C2E84B05800C08497 /* Cells */,
			);
			path = Components;
			sourceTree = "<group>";
		};
		4BEA355C2E84B05800C08497 /* Cells */ = {
			isa = PBXGroup;
			children = (
				4BEA357D2E8577A500C08497 /* Home */,
			);
			path = Cells;
			sourceTree = "<group>";
		};
		4BEA35782E84B25000C08497 /* Shared */ = {
			isa = PBXGroup;
			children = (
				4BEA35792E84B26E00C08497 /* ImageLoaderView.swift */,
				4BEA357B2E84B29B00C08497 /* Constants.swift */,
			);
			path = Shared;
			sourceTree = "<group>";
		};
		4BEA357D2E8577A500C08497 /* Home */ = {
			isa = PBXGroup;
			children = (
				4BEA355D2E84B09700C08497 /* MainCardCell.swift */,
			);
			path = Home;
			sourceTree = "<group>";
		};
		FFECC2632E8F205300F9AE8C /* Service */ = {
			isa = PBXGroup;
			children = (
				FFECC2642E8F208600F9AE8C /* HomeService.swift */,
			);
			path = Service;
			sourceTree = "<group>";
		};
/* End PBXGroup section */

/* Begin PBXNativeTarget section */
		4BEA34E62E848FF300C08497 /* InfiniteCoffee */ = {
			isa = PBXNativeTarget;
			buildConfigurationList = 4BEA34F22E848FF400C08497 /* Build configuration list for PBXNativeTarget "InfiniteCoffee" */;
			buildPhases = (
				4BEA34E32E848FF300C08497 /* Sources */,
				4BEA34E42E848FF300C08497 /* Frameworks */,
				4BEA34E52E848FF300C08497 /* Resources */,
			);
			buildRules = (
			);
			dependencies = (
			);
			name = InfiniteCoffee;
			packageProductDependencies = (
				4BEA35602E84B17B00C08497 /* SDWebImageSwiftUI */,
				4BEA35632E84B20100C08497 /* FirebaseAnalytics */,
				4BEA35652E84B20100C08497 /* FirebaseAuth */,
				4BEA35672E84B20100C08497 /* FirebaseCore */,
				4BEA35692E84B20100C08497 /* FirebaseCrashlytics */,
				4BEA356B2E84B20100C08497 /* FirebaseDatabase */,
				4BEA356D2E84B20100C08497 /* FirebaseFirestore */,
				4BEA356F2E84B20100C08497 /* FirebaseFunctions */,
				4BEA35712E84B20100C08497 /* FirebaseStorage */,
				4BEA35742E84B22300C08497 /* GoogleSignIn */,
				4BEA35762E84B22300C08497 /* GoogleSignInSwift */,
			);
			productName = InfiniteCoffee;
			productReference = 4BEA34E72E848FF300C08497 /* InfiniteCoffee.app */;
			productType = "com.apple.product-type.application";
		};
/* End PBXNativeTarget section */

/* Begin PBXProject section */
		4BEA34DF2E848FF300C08497 /* Project object */ = {
			isa = PBXProject;
			attributes = {
				BuildIndependentTargetsInParallel = 1;
				LastSwiftUpdateCheck = 2600;
				LastUpgradeCheck = 2600;
				TargetAttributes = {
					4BEA34E62E848FF300C08497 = {
						CreatedOnToolsVersion = 26.0.1;
					};
				};
			};
			buildConfigurationList = 4BEA34E22E848FF300C08497 /* Build configuration list for PBXProject "InfiniteCoffee" */;
			developmentRegion = en;
			hasScannedForEncodings = 0;
			knownRegions = (
				en,
				Base,
			);
			mainGroup = 4BEA34DE2E848FF300C08497;
			minimizedProjectReferenceProxies = 1;
			packageReferences = (
				4BEA355F2E84B17B00C08497 /* XCRemoteSwiftPackageReference "SDWebImageSwiftUI" */,
				4BEA35622E84B20100C08497 /* XCRemoteSwiftPackageReference "firebase-ios-sdk" */,
				4BEA35732E84B22300C08497 /* XCRemoteSwiftPackageReference "GoogleSignIn-iOS" */,
			);
			preferredProjectObjectVersion = 77;
			productRefGroup = 4BEA34E82E848FF300C08497 /* Products */;
			projectDirPath = "";
			projectRoot = "";
			targets = (
				4BEA34E62E848FF300C08497 /* InfiniteCoffee */,
			);
		};
/* End PBXProject section */

/* Begin PBXResourcesBuildPhase section */
		4BEA34E52E848FF300C08497 /* Resources */ = {
			isa = PBXResourcesBuildPhase;
			buildActionMask = 2147483647;
			files = (
				4BEA35262E84A97500C08497 /* Assets.xcassets in Resources */,
				FF8CD4BB2E97EDC50032C439 /* GoogleService-Info.plist in Resources */,
			);
			runOnlyForDeploymentPostprocessing = 0;
		};
/* End PBXResourcesBuildPhase section */

/* Begin PBXSourcesBuildPhase section */
		4BEA34E32E848FF300C08497 /* Sources */ = {
			isa = PBXSourcesBuildPhase;
			buildActionMask = 2147483647;
			files = (
				4BEA352B2E84A98F00C08497 /* HomeView.swift in Sources */,
				4BEA357C2E84B29B00C08497 /* Constants.swift in Sources */,
				4BEA35272E84A97500C08497 /* ContentView.swift in Sources */,
				4BEA35282E84A97500C08497 /* InfiniteCoffeeApp.swift in Sources */,
				4BEA357A2E84B26E00C08497 /* ImageLoaderView.swift in Sources */,
				4BEA35452E84AD7600C08497 /* OrderView.swift in Sources */,
				FFECC2652E8F208600F9AE8C /* HomeService.swift in Sources */,
				4BEA35492E84ADB700C08497 /* AccountView.swift in Sources */,
				4BEA352F2E84AA2F00C08497 /* TabBarView.swift in Sources */,
				4BEA352D2E84A9AC00C08497 /* HomeViewModel.swift in Sources */,
				4BEA355A2E84B01900C08497 /* CoffeModel.swift in Sources */,
				4BEA355E2E84B09700C08497 /* MainCardCell.swift in Sources */,
			);
			runOnlyForDeploymentPostprocessing = 0;
		};
/* End PBXSourcesBuildPhase section */

/* Begin XCBuildConfiguration section */
		4BEA34F02E848FF400C08497 /* Debug */ = {
			isa = XCBuildConfiguration;
			buildSettings = {
				ALWAYS_SEARCH_USER_PATHS = NO;
				ASSETCATALOG_COMPILER_GENERATE_SWIFT_ASSET_SYMBOL_EXTENSIONS = YES;
				CLANG_ANALYZER_NONNULL = YES;
				CLANG_ANALYZER_NUMBER_OBJECT_CONVERSION = YES_AGGRESSIVE;
				CLANG_CXX_LANGUAGE_STANDARD = "gnu++20";
				CLANG_ENABLE_MODULES = YES;
				CLANG_ENABLE_OBJC_ARC = YES;
				CLANG_ENABLE_OBJC_WEAK = YES;
				CLANG_WARN_BLOCK_CAPTURE_AUTORELEASING = YES;
				CLANG_WARN_BOOL_CONVERSION = YES;
				CLANG_WARN_COMMA = YES;
				CLANG_WARN_CONSTANT_CONVERSION = YES;
				CLANG_WARN_DEPRECATED_OBJC_IMPLEMENTATIONS = YES;
				CLANG_WARN_DIRECT_OBJC_ISA_USAGE = YES_ERROR;
				CLANG_WARN_DOCUMENTATION_COMMENTS = YES;
				CLANG_WARN_EMPTY_BODY = YES;
				CLANG_WARN_ENUM_CONVERSION = YES;
				CLANG_WARN_INFINITE_RECURSION = YES;
				CLANG_WARN_INT_CONVERSION = YES;
				CLANG_WARN_NON_LITERAL_NULL_CONVERSION = YES;
				CLANG_WARN_OBJC_IMPLICIT_RETAIN_SELF = YES;
				CLANG_WARN_OBJC_LITERAL_CONVERSION = YES;
				CLANG_WARN_OBJC_ROOT_CLASS = YES_ERROR;
				CLANG_WARN_QUOTED_INCLUDE_IN_FRAMEWORK_HEADER = YES;
				CLANG_WARN_RANGE_LOOP_ANALYSIS = YES;
				CLANG_WARN_STRICT_PROTOTYPES = YES;
				CLANG_WARN_SUSPICIOUS_MOVE = YES;
				CLANG_WARN_UNGUARDED_AVAILABILITY = YES_AGGRESSIVE;
				CLANG_WARN_UNREACHABLE_CODE = YES;
				CLANG_WARN__DUPLICATE_METHOD_MATCH = YES;
				COPY_PHASE_STRIP = NO;
				DEBUG_INFORMATION_FORMAT = dwarf;
				DEVELOPMENT_TEAM = B4R97N34U3;
				ENABLE_STRICT_OBJC_MSGSEND = YES;
				ENABLE_TESTABILITY = YES;
				ENABLE_USER_SCRIPT_SANDBOXING = YES;
				GCC_C_LANGUAGE_STANDARD = gnu17;
				GCC_DYNAMIC_NO_PIC = NO;
				GCC_NO_COMMON_BLOCKS = YES;
				GCC_OPTIMIZATION_LEVEL = 0;
				GCC_PREPROCESSOR_DEFINITIONS = (
					"DEBUG=1",
					"$(inherited)",
				);
				GCC_WARN_64_TO_32_BIT_CONVERSION = YES;
				GCC_WARN_ABOUT_RETURN_TYPE = YES_ERROR;
				GCC_WARN_UNDECLARED_SELECTOR = YES;
				GCC_WARN_UNINITIALIZED_AUTOS = YES_AGGRESSIVE;
				GCC_WARN_UNUSED_FUNCTION = YES;
				GCC_WARN_UNUSED_VARIABLE = YES;
				IPHONEOS_DEPLOYMENT_TARGET = 26.0;
				LOCALIZATION_PREFERS_STRING_CATALOGS = YES;
				MTL_ENABLE_DEBUG_INFO = INCLUDE_SOURCE;
				MTL_FAST_MATH = YES;
				ONLY_ACTIVE_ARCH = YES;
				SDKROOT = iphoneos;
				SWIFT_ACTIVE_COMPILATION_CONDITIONS = "DEBUG $(inherited)";
				SWIFT_OPTIMIZATION_LEVEL = "-Onone";
			};
			name = Debug;
		};
		4BEA34F12E848FF400C08497 /* Release */ = {
			isa = XCBuildConfiguration;
			buildSettings = {
				ALWAYS_SEARCH_USER_PATHS = NO;
				ASSETCATALOG_COMPILER_GENERATE_SWIFT_ASSET_SYMBOL_EXTENSIONS = YES;
				CLANG_ANALYZER_NONNULL = YES;
				CLANG_ANALYZER_NUMBER_OBJECT_CONVERSION = YES_AGGRESSIVE;
				CLANG_CXX_LANGUAGE_STANDARD = "gnu++20";
				CLANG_ENABLE_MODULES = YES;
				CLANG_ENABLE_OBJC_ARC = YES;
				CLANG_ENABLE_OBJC_WEAK = YES;
				CLANG_WARN_BLOCK_CAPTURE_AUTORELEASING = YES;
				CLANG_WARN_BOOL_CONVERSION = YES;
				CLANG_WARN_COMMA = YES;
				CLANG_WARN_CONSTANT_CONVERSION = YES;
				CLANG_WARN_DEPRECATED_OBJC_IMPLEMENTATIONS = YES;
				CLANG_WARN_DIRECT_OBJC_ISA_USAGE = YES_ERROR;
				CLANG_WARN_DOCUMENTATION_COMMENTS = YES;
				CLANG_WARN_EMPTY_BODY = YES;
				CLANG_WARN_ENUM_CONVERSION = YES;
				CLANG_WARN_INFINITE_RECURSION = YES;
				CLANG_WARN_INT_CONVERSION = YES;
				CLANG_WARN_NON_LITERAL_NULL_CONVERSION = YES;
				CLANG_WARN_OBJC_IMPLICIT_RETAIN_SELF = YES;
				CLANG_WARN_OBJC_LITERAL_CONVERSION = YES;
				CLANG_WARN_OBJC_ROOT_CLASS = YES_ERROR;
				CLANG_WARN_QUOTED_INCLUDE_IN_FRAMEWORK_HEADER = YES;
				CLANG_WARN_RANGE_LOOP_ANALYSIS = YES;
				CLANG_WARN_STRICT_PROTOTYPES = YES;
				CLANG_WARN_SUSPICIOUS_MOVE = YES;
				CLANG_WARN_UNGUARDED_AVAILABILITY = YES_AGGRESSIVE;
				CLANG_WARN_UNREACHABLE_CODE = YES;
				CLANG_WARN__DUPLICATE_METHOD_MATCH = YES;
				COPY_PHASE_STRIP = NO;
				DEBUG_INFORMATION_FORMAT = "dwarf-with-dsym";
				DEVELOPMENT_TEAM = B4R97N34U3;
				ENABLE_NS_ASSERTIONS = NO;
				ENABLE_STRICT_OBJC_MSGSEND = YES;
				ENABLE_USER_SCRIPT_SANDBOXING = YES;
				GCC_C_LANGUAGE_STANDARD = gnu17;
				GCC_NO_COMMON_BLOCKS = YES;
				GCC_WARN_64_TO_32_BIT_CONVERSION = YES;
				GCC_WARN_ABOUT_RETURN_TYPE = YES_ERROR;
				GCC_WARN_UNDECLARED_SELECTOR = YES;
				GCC_WARN_UNINITIALIZED_AUTOS = YES_AGGRESSIVE;
				GCC_WARN_UNUSED_FUNCTION = YES;
				GCC_WARN_UNUSED_VARIABLE = YES;
				IPHONEOS_DEPLOYMENT_TARGET = 26.0;
				LOCALIZATION_PREFERS_STRING_CATALOGS = YES;
				MTL_ENABLE_DEBUG_INFO = NO;
				MTL_FAST_MATH = YES;
				SDKROOT = iphoneos;
				SWIFT_COMPILATION_MODE = wholemodule;
				VALIDATE_PRODUCT = YES;
			};
			name = Release;
		};
		4BEA34F32E848FF400C08497 /* Debug */ = {
			isa = XCBuildConfiguration;
			buildSettings = {
				ASSETCATALOG_COMPILER_APPICON_NAME = AppIcon;
				ASSETCATALOG_COMPILER_GLOBAL_ACCENT_COLOR_NAME = AccentColor;
				CODE_SIGN_STYLE = Automatic;
				CURRENT_PROJECT_VERSION = 1;
				DEVELOPMENT_TEAM = B4R97N34U3;
				ENABLE_PREVIEWS = YES;
				GENERATE_INFOPLIST_FILE = YES;
				INFOPLIST_KEY_UIApplicationSceneManifest_Generation = YES;
				INFOPLIST_KEY_UIApplicationSupportsIndirectInputEvents = YES;
				INFOPLIST_KEY_UILaunchScreen_Generation = YES;
				INFOPLIST_KEY_UISupportedInterfaceOrientations_iPad = "UIInterfaceOrientationPortrait UIInterfaceOrientationPortraitUpsideDown UIInterfaceOrientationLandscapeLeft UIInterfaceOrientationLandscapeRight";
				INFOPLIST_KEY_UISupportedInterfaceOrientations_iPhone = "UIInterfaceOrientationPortrait UIInterfaceOrientationLandscapeLeft UIInterfaceOrientationLandscapeRight";
				IPHONEOS_DEPLOYMENT_TARGET = 16.6;
				LD_RUNPATH_SEARCH_PATHS = (
					"$(inherited)",
					"@executable_path/Frameworks",
				);
				MARKETING_VERSION = 1.0;
				PRODUCT_BUNDLE_IDENTIFIER = com.XA1.InfiniteCoffee;
				PRODUCT_NAME = "$(TARGET_NAME)";
				STRING_CATALOG_GENERATE_SYMBOLS = YES;
				SUPPORTED_PLATFORMS = "iphoneos iphonesimulator";
				SUPPORTS_MACCATALYST = NO;
				SUPPORTS_MAC_DESIGNED_FOR_IPHONE_IPAD = NO;
				SUPPORTS_XR_DESIGNED_FOR_IPHONE_IPAD = NO;
				SWIFT_APPROACHABLE_CONCURRENCY = YES;
				SWIFT_DEFAULT_ACTOR_ISOLATION = MainActor;
				SWIFT_EMIT_LOC_STRINGS = YES;
				SWIFT_UPCOMING_FEATURE_MEMBER_IMPORT_VISIBILITY = YES;
				SWIFT_VERSION = 5.0;
				TARGETED_DEVICE_FAMILY = "1,2";
			};
			name = Debug;
		};
		4BEA34F42E848FF400C08497 /* Release */ = {
			isa = XCBuildConfiguration;
			buildSettings = {
				ASSETCATALOG_COMPILER_APPICON_NAME = AppIcon;
				ASSETCATALOG_COMPILER_GLOBAL_ACCENT_COLOR_NAME = AccentColor;
				CODE_SIGN_STYLE = Automatic;
				CURRENT_PROJECT_VERSION = 1;
				DEVELOPMENT_TEAM = B4R97N34U3;
				ENABLE_PREVIEWS = YES;
				GENERATE_INFOPLIST_FILE = YES;
				INFOPLIST_KEY_UIApplicationSceneManifest_Generation = YES;
				INFOPLIST_KEY_UIApplicationSupportsIndirectInputEvents = YES;
				INFOPLIST_KEY_UILaunchScreen_Generation = YES;
				INFOPLIST_KEY_UISupportedInterfaceOrientations_iPad = "UIInterfaceOrientationPortrait UIInterfaceOrientationPortraitUpsideDown UIInterfaceOrientationLandscapeLeft UIInterfaceOrientationLandscapeRight";
				INFOPLIST_KEY_UISupportedInterfaceOrientations_iPhone = "UIInterfaceOrientationPortrait UIInterfaceOrientationLandscapeLeft UIInterfaceOrientationLandscapeRight";
				IPHONEOS_DEPLOYMENT_TARGET = 16.6;
				LD_RUNPATH_SEARCH_PATHS = (
					"$(inherited)",
					"@executable_path/Frameworks",
				);
				MARKETING_VERSION = 1.0;
				PRODUCT_BUNDLE_IDENTIFIER = com.XA1.InfiniteCoffee;
				PRODUCT_NAME = "$(TARGET_NAME)";
				STRING_CATALOG_GENERATE_SYMBOLS = YES;
				SUPPORTED_PLATFORMS = "iphoneos iphonesimulator";
				SUPPORTS_MACCATALYST = NO;
				SUPPORTS_MAC_DESIGNED_FOR_IPHONE_IPAD = NO;
				SUPPORTS_XR_DESIGNED_FOR_IPHONE_IPAD = NO;
				SWIFT_APPROACHABLE_CONCURRENCY = YES;
				SWIFT_DEFAULT_ACTOR_ISOLATION = MainActor;
				SWIFT_EMIT_LOC_STRINGS = YES;
				SWIFT_UPCOMING_FEATURE_MEMBER_IMPORT_VISIBILITY = YES;
				SWIFT_VERSION = 5.0;
				TARGETED_DEVICE_FAMILY = "1,2";
			};
			name = Release;
		};
/* End XCBuildConfiguration section */

/* Begin XCConfigurationList section */
		4BEA34E22E848FF300C08497 /* Build configuration list for PBXProject "InfiniteCoffee" */ = {
			isa = XCConfigurationList;
			buildConfigurations = (
				4BEA34F02E848FF400C08497 /* Debug */,
				4BEA34F12E848FF400C08497 /* Release */,
			);
			defaultConfigurationIsVisible = 0;
			defaultConfigurationName = Release;
		};
		4BEA34F22E848FF400C08497 /* Build configuration list for PBXNativeTarget "InfiniteCoffee" */ = {
			isa = XCConfigurationList;
			buildConfigurations = (
				4BEA34F32E848FF400C08497 /* Debug */,
				4BEA34F42E848FF400C08497 /* Release */,
			);
			defaultConfigurationIsVisible = 0;
			defaultConfigurationName = Release;
		};
/* End XCConfigurationList section */

/* Begin XCRemoteSwiftPackageReference section */
		4BEA355F2E84B17B00C08497 /* XCRemoteSwiftPackageReference "SDWebImageSwiftUI" */ = {
			isa = XCRemoteSwiftPackageReference;
			repositoryURL = "https://github.com/SDWebImage/SDWebImageSwiftUI.git";
			requirement = {
				kind = upToNextMajorVersion;
				minimumVersion = 3.1.3;
			};
		};
		4BEA35622E84B20100C08497 /* XCRemoteSwiftPackageReference "firebase-ios-sdk" */ = {
			isa = XCRemoteSwiftPackageReference;
			repositoryURL = "https://github.com/firebase/firebase-ios-sdk";
			requirement = {
				kind = upToNextMajorVersion;
				minimumVersion = 12.3.0;
			};
		};
		4BEA35732E84B22300C08497 /* XCRemoteSwiftPackageReference "GoogleSignIn-iOS" */ = {
			isa = XCRemoteSwiftPackageReference;
			repositoryURL = "https://github.com/google/GoogleSignIn-iOS.git";
			requirement = {
				kind = upToNextMajorVersion;
				minimumVersion = 9.0.0;
			};
		};
/* End XCRemoteSwiftPackageReference section */

/* Begin XCSwiftPackageProductDependency section */
		4BEA35602E84B17B00C08497 /* SDWebImageSwiftUI */ = {
			isa = XCSwiftPackageProductDependency;
			package = 4BEA355F2E84B17B00C08497 /* XCRemoteSwiftPackageReference "SDWebImageSwiftUI" */;
			productName = SDWebImageSwiftUI;
		};
		4BEA35632E84B20100C08497 /* FirebaseAnalytics */ = {
			isa = XCSwiftPackageProductDependency;
			package = 4BEA35622E84B20100C08497 /* XCRemoteSwiftPackageReference "firebase-ios-sdk" */;
			productName = FirebaseAnalytics;
		};
		4BEA35652E84B20100C08497 /* FirebaseAuth */ = {
			isa = XCSwiftPackageProductDependency;
			package = 4BEA35622E84B20100C08497 /* XCRemoteSwiftPackageReference "firebase-ios-sdk" */;
			productName = FirebaseAuth;
		};
		4BEA35672E84B20100C08497 /* FirebaseCore */ = {
			isa = XCSwiftPackageProductDependency;
			package = 4BEA35622E84B20100C08497 /* XCRemoteSwiftPackageReference "firebase-ios-sdk" */;
			productName = FirebaseCore;
		};
		4BEA35692E84B20100C08497 /* FirebaseCrashlytics */ = {
			isa = XCSwiftPackageProductDependency;
			package = 4BEA35622E84B20100C08497 /* XCRemoteSwiftPackageReference "firebase-ios-sdk" */;
			productName = FirebaseCrashlytics;
		};
		4BEA356B2E84B20100C08497 /* FirebaseDatabase */ = {
			isa = XCSwiftPackageProductDependency;
			package = 4BEA35622E84B20100C08497 /* XCRemoteSwiftPackageReference "firebase-ios-sdk" */;
			productName = FirebaseDatabase;
		};
		4BEA356D2E84B20100C08497 /* FirebaseFirestore */ = {
			isa = XCSwiftPackageProductDependency;
			package = 4BEA35622E84B20100C08497 /* XCRemoteSwiftPackageReference "firebase-ios-sdk" */;
			productName = FirebaseFirestore;
		};
		4BEA356F2E84B20100C08497 /* FirebaseFunctions */ = {
			isa = XCSwiftPackageProductDependency;
			package = 4BEA35622E84B20100C08497 /* XCRemoteSwiftPackageReference "firebase-ios-sdk" */;
			productName = FirebaseFunctions;
		};
		4BEA35712E84B20100C08497 /* FirebaseStorage */ = {
			isa = XCSwiftPackageProductDependency;
			package = 4BEA35622E84B20100C08497 /* XCRemoteSwiftPackageReference "firebase-ios-sdk" */;
			productName = FirebaseStorage;
		};
		4BEA35742E84B22300C08497 /* GoogleSignIn */ = {
			isa = XCSwiftPackageProductDependency;
			package = 4BEA35732E84B22300C08497 /* XCRemoteSwiftPackageReference "GoogleSignIn-iOS" */;
			productName = GoogleSignIn;
		};
		4BEA35762E84B22300C08497 /* GoogleSignInSwift */ = {
			isa = XCSwiftPackageProductDependency;
			package = 4BEA35732E84B22300C08497 /* XCRemoteSwiftPackageReference "GoogleSignIn-iOS" */;
			productName = GoogleSignInSwift;
		};
/* End XCSwiftPackageProductDependency section */
	};
	rootObject = 4BEA34DF2E848FF300C08497 /* Project object */;
}
